
Microsoft Visual Studio Solution File, Format Version 12.00
# Visual Studio Version 17
VisualStudioVersion = 17.2.32516.85
MinimumVisualStudioVersion = 10.0.40219.1
Project("{FAE04EC0-301F-11D3-BF4B-00C04F79EFBC}") = "App Operacion", "App Operaciòn\App Operacion.csproj", "{9F90AB07-B35D-466A-9E64-62024F914819}"
EndProject
Global
	GlobalSection(SolutionConfigurationPlatforms) = preSolution
		Debug|Any CPU = Debug|Any CPU
		Release|Any CPU = Release|Any CPU
	EndGlobalSection
	GlobalSection(ProjectConfigurationPlatforms) = postSolution
		{9F90AB07-B35D-466A-9E64-62024F914819}.Debug|Any CPU.ActiveCfg = Debug|Any CPU
		{9F90AB07-B35D-466A-9E64-62024F914819}.Debug|Any CPU.Build.0 = Debug|Any CPU
		{9F90AB07-B35D-466A-9E64-62024F914819}.Release|Any CPU.ActiveCfg = Release|Any CPU
		{9F90AB07-B35D-466A-9E64-62024F914819}.Release|Any CPU.Build.0 = Release|Any CPU
	EndGlobalSection
	GlobalSection(SolutionProperties) = preSolution
		HideSolutionNode = FALSE
	EndGlobalSection
	GlobalSection(ExtensibilityGlobals) = postSolution
		SolutionGuid = {DC9C6D2C-D684-4387-BC66-FE5E331820D3}
	EndGlobalSection
EndGlobal
